
Microsoft Visual Studio Solution File, Format Version 12.00
# Visual Studio Version 17
VisualStudioVersion = 17.9.34407.89
MinimumVisualStudioVersion = 10.0.40219.1
Project("{FAE04EC0-301F-11D3-BF4B-00C04F79EFBC}") = "Updater", "Updater.csproj", "{2908D861-D59C-4CB0-B1FF-C8359341D6E1}"
EndProject
Global
	GlobalSection(SolutionConfigurationPlatforms) = preSolution
		Debug|Any CPU = Debug|Any CPU
		Release|Any CPU = Release|Any CPU
	EndGlobalSection
	GlobalSection(ProjectConfigurationPlatforms) = postSolution
		{2908D861-D59C-4CB0-B1FF-C8359341D6E1}.Debug|Any CPU.ActiveCfg = Debug|Any CPU
		{2908D861-D59C-4CB0-B1FF-C8359341D6E1}.Debug|Any CPU.Build.0 = Debug|Any CPU
		{2908D861-D59C-4CB0-B1FF-C8359341D6E1}.Release|Any CPU.ActiveCfg = Release|Any CPU
		{2908D861-D59C-4CB0-B1FF-C8359341D6E1}.Release|Any CPU.Build.0 = Release|Any CPU
	EndGlobalSection
	GlobalSection(SolutionProperties) = preSolution
		HideSolutionNode = FALSE
	EndGlobalSection
	GlobalSection(ExtensibilityGlobals) = postSolution
		SolutionGuid = {552A5D1C-108B-4B17-BA0D-40A3A64EF04E}
	EndGlobalSection
EndGlobal
